
Microsoft Visual Studio Solution File, Format Version 12.00
# Visual Studio Version 17
VisualStudioVersion = 17.10.34607.79
MinimumVisualStudioVersion = 10.0.40219.1
Project("{FAE04EC0-301F-11D3-BF4B-00C04F79EFBC}") = "baitap", "baitap.csproj", "{F98534B5-24C4-449B-9115-12657C26957A}"
EndProject
Global
	GlobalSection(SolutionConfigurationPlatforms) = preSolution
		Debug|Any CPU = Debug|Any CPU
		Release|Any CPU = Release|Any CPU
	EndGlobalSection
	GlobalSection(ProjectConfigurationPlatforms) = postSolution
		{F98534B5-24C4-449B-9115-12657C26957A}.Debug|Any CPU.ActiveCfg = Debug|Any CPU
		{F98534B5-24C4-449B-9115-12657C26957A}.Debug|Any CPU.Build.0 = Debug|Any CPU
		{F98534B5-24C4-449B-9115-12657C26957A}.Release|Any CPU.ActiveCfg = Release|Any CPU
		{F98534B5-24C4-449B-9115-12657C26957A}.Release|Any CPU.Build.0 = Release|Any CPU
	EndGlobalSection
	GlobalSection(SolutionProperties) = preSolution
		HideSolutionNode = FALSE
	EndGlobalSection
	GlobalSection(ExtensibilityGlobals) = postSolution
		SolutionGuid = {2DDCF0F3-B659-4A2B-BB94-72E90F4D22A5}
	EndGlobalSection
EndGlobal
